
Microsoft Visual Studio Solution File, Format Version 12.00
# Visual Studio Version 16
VisualStudioVersion = 16.0.29201.188
MinimumVisualStudioVersion = 10.0.40219.1
Project("{FAE04EC0-301F-11D3-BF4B-00C04F79EFBC}") = "ADTest.net", "ADTest.net\ADTest.net.csproj", "{48F106F2-1DF1-4EF8-A069-D8552FD82B86}"
EndProject
Global
	GlobalSection(SolutionConfigurationPlatforms) = preSolution
		Debug|Any CPU = Debug|Any CPU
		Release|Any CPU = Release|Any CPU
	EndGlobalSection
	GlobalSection(ProjectConfigurationPlatforms) = postSolution
		{48F106F2-1DF1-4EF8-A069-D8552FD82B86}.Debug|Any CPU.ActiveCfg = Debug|Any CPU
		{48F106F2-1DF1-4EF8-A069-D8552FD82B86}.Debug|Any CPU.Build.0 = Debug|Any CPU
		{48F106F2-1DF1-4EF8-A069-D8552FD82B86}.Release|Any CPU.ActiveCfg = Release|Any CPU
		{48F106F2-1DF1-4EF8-A069-D8552FD82B86}.Release|Any CPU.Build.0 = Release|Any CPU
	EndGlobalSection
	GlobalSection(SolutionProperties) = preSolution
		HideSolutionNode = FALSE
	EndGlobalSection
	GlobalSection(ExtensibilityGlobals) = postSolution
		SolutionGuid = {8D77D99D-268D-4983-9409-634E5AB7D6EF}
	EndGlobalSection
EndGlobal
